
Microsoft Visual Studio Solution File, Format Version 12.00
# Visual Studio Version 16
VisualStudioVersion = 16.0.31129.286
MinimumVisualStudioVersion = 10.0.40219.1
Project("{FAE04EC0-301F-11D3-BF4B-00C04F79EFBC}") = "ImagesToGifConverter", "ImagesToGifConverter\ImagesToGifConverter.csproj", "{9AEB829E-A1FE-497E-AD3C-DCA65A92E448}"
EndProject
Global
	GlobalSection(SolutionConfigurationPlatforms) = preSolution
		Debug|Any CPU = Debug|Any CPU
		Release|Any CPU = Release|Any CPU
	EndGlobalSection
	GlobalSection(ProjectConfigurationPlatforms) = postSolution
		{9AEB829E-A1FE-497E-AD3C-DCA65A92E448}.Debug|Any CPU.ActiveCfg = Debug|Any CPU
		{9AEB829E-A1FE-497E-AD3C-DCA65A92E448}.Debug|Any CPU.Build.0 = Debug|Any CPU
		{9AEB829E-A1FE-497E-AD3C-DCA65A92E448}.Release|Any CPU.ActiveCfg = Release|Any CPU
		{9AEB829E-A1FE-497E-AD3C-DCA65A92E448}.Release|Any CPU.Build.0 = Release|Any CPU
	EndGlobalSection
	GlobalSection(SolutionProperties) = preSolution
		HideSolutionNode = FALSE
	EndGlobalSection
	GlobalSection(ExtensibilityGlobals) = postSolution
		SolutionGuid = {BB7069EA-5D79-4EEB-88C9-34A08FF82E2D}
	EndGlobalSection
EndGlobal
